
Microsoft Visual Studio Solution File, Format Version 12.00
# Visual Studio Version 16
VisualStudioVersion = 16.0.30517.126
MinimumVisualStudioVersion = 10.0.40219.1
Project("{FAE04EC0-301F-11D3-BF4B-00C04F79EFBC}") = "FlappyBird", "FlappyBird\FlappyBird.csproj", "{BBBEA80A-8BD9-43A4-8577-2DD6768B8E2A}"
EndProject
Global
	GlobalSection(SolutionConfigurationPlatforms) = preSolution
		Debug|Any CPU = Debug|Any CPU
		Release|Any CPU = Release|Any CPU
	EndGlobalSection
	GlobalSection(ProjectConfigurationPlatforms) = postSolution
		{BBBEA80A-8BD9-43A4-8577-2DD6768B8E2A}.Debug|Any CPU.ActiveCfg = Debug|Any CPU
		{BBBEA80A-8BD9-43A4-8577-2DD6768B8E2A}.Debug|Any CPU.Build.0 = Debug|Any CPU
		{BBBEA80A-8BD9-43A4-8577-2DD6768B8E2A}.Release|Any CPU.ActiveCfg = Release|Any CPU
		{BBBEA80A-8BD9-43A4-8577-2DD6768B8E2A}.Release|Any CPU.Build.0 = Release|Any CPU
	EndGlobalSection
	GlobalSection(SolutionProperties) = preSolution
		HideSolutionNode = FALSE
	EndGlobalSection
	GlobalSection(ExtensibilityGlobals) = postSolution
		SolutionGuid = {6FE14D85-26B4-476A-9D91-C77CF5855F97}
	EndGlobalSection
EndGlobal
